<?xml version="1.0" encoding="utf-8"?>
<Project ToolsVersion="4.0" xmlns="http://schemas.microsoft.com/developer/msbuild/2003">
  <ItemGroup>
    <Filter Include="Source Files">
      <UniqueIdentifier>{4FC737F1-C7A5-4376-A066-2A32D752A2FF}</UniqueIdentifier>
      <Extensions>cpp;c;cc;cxx;def;odl;idl;hpj;bat;asm;asmx</Extensions>
    </Filter>
    <Filter Include="Header Files">
      <UniqueIdentifier>{93995380-89BD-4b04-88EB-625FBE52EBFB}</UniqueIdentifier>
      <Extensions>h;hpp;hxx;hm;inl;inc;xsd</Extensions>
    </Filter>
  </ItemGroup>
  <ItemGroup>
    <ClCompile Include="..\third_party\CBLAS\caxpy.c">
      <Filter>Source Files</Filter>
    </ClCompile>
    <ClCompile Include="..\third_party\CBLAS\ccopy.c">
      <Filter>Source Files</Filter>
    </ClCompile>
    <ClCompile Include="..\third_party\CBLAS\cdotc.c">
      <Filter>Source Files</Filter>
    </ClCompile>
    <ClCompile Include="..\third_party\CBLAS\cgemv.c">
      <Filter>Source Files</Filter>
    </ClCompile>
    <ClCompile Include="..\third_party\CBLAS\cgerc.c">
      <Filter>Source Files</Filter>
    </ClCompile>
    <ClCompile Include="..\third_party\CBLAS\chemv.c">
      <Filter>Source Files</Filter>
    </ClCompile>
    <ClCompile Include="..\third_party\CBLAS\cher2.c">
      <Filter>Source Files</Filter>
    </ClCompile>
    <ClCompile Include="..\third_party\CBLAS\cscal.c">
      <Filter>Source Files</Filter>
    </ClCompile>
    <ClCompile Include="..\third_party\CBLAS\ctrsv.c">
      <Filter>Source Files</Filter>
    </ClCompile>
    <ClCompile Include="..\third_party\CBLAS\dasum.c">
      <Filter>Source Files</Filter>
    </ClCompile>
    <ClCompile Include="..\third_party\CBLAS\daxpy.c">
      <Filter>Source Files</Filter>
    </ClCompile>
    <ClCompile Include="..\third_party\CBLAS\dcabs1.c">
      <Filter>Source Files</Filter>
    </ClCompile>
    <ClCompile Include="..\third_party\CBLAS\dcopy.c">
      <Filter>Source Files</Filter>
    </ClCompile>
    <ClCompile Include="..\third_party\CBLAS\ddot.c">
      <Filter>Source Files</Filter>
    </ClCompile>
    <ClCompile Include="..\third_party\CBLAS\dgemv.c">
      <Filter>Source Files</Filter>
    </ClCompile>
    <ClCompile Include="..\third_party\CBLAS\dger.c">
      <Filter>Source Files</Filter>
    </ClCompile>
    <ClCompile Include="..\third_party\CBLAS\dnrm2.c">
      <Filter>Source Files</Filter>
    </ClCompile>
    <ClCompile Include="..\third_party\CBLAS\drot.c">
      <Filter>Source Files</Filter>
    </ClCompile>
    <ClCompile Include="..\third_party\CBLAS\dscal.c">
      <Filter>Source Files</Filter>
    </ClCompile>
    <ClCompile Include="..\third_party\CBLAS\dsymv.c">
      <Filter>Source Files</Filter>
    </ClCompile>
    <ClCompile Include="..\third_party\CBLAS\dsyr2.c">
      <Filter>Source Files</Filter>
    </ClCompile>
    <ClCompile Include="..\third_party\CBLAS\dtrsv.c">
      <Filter>Source Files</Filter>
    </ClCompile>
    <ClCompile Include="..\third_party\CBLAS\dzasum.c">
      <Filter>Source Files</Filter>
    </ClCompile>
    <ClCompile Include="..\third_party\CBLAS\dznrm2.c">
      <Filter>Source Files</Filter>
    </ClCompile>
    <ClCompile Include="..\third_party\CBLAS\icamax.c">
      <Filter>Source Files</Filter>
    </ClCompile>
    <ClCompile Include="..\third_party\CBLAS\idamax.c">
      <Filter>Source Files</Filter>
    </ClCompile>
    <ClCompile Include="..\third_party\CBLAS\isamax.c">
      <Filter>Source Files</Filter>
    </ClCompile>
    <ClCompile Include="..\third_party\CBLAS\izamax.c">
      <Filter>Source Files</Filter>
    </ClCompile>
    <ClCompile Include="..\third_party\CBLAS\sasum.c">
      <Filter>Source Files</Filter>
    </ClCompile>
    <ClCompile Include="..\third_party\CBLAS\saxpy.c">
      <Filter>Source Files</Filter>
    </ClCompile>
    <ClCompile Include="..\third_party\CBLAS\scasum.c">
      <Filter>Source Files</Filter>
    </ClCompile>
    <ClCompile Include="..\third_party\CBLAS\scnrm2.c">
      <Filter>Source Files</Filter>
    </ClCompile>
    <ClCompile Include="..\third_party\CBLAS\scopy.c">
      <Filter>Source Files</Filter>
    </ClCompile>
    <ClCompile Include="..\third_party\CBLAS\sdot.c">
      <Filter>Source Files</Filter>
    </ClCompile>
    <ClCompile Include="..\third_party\CBLAS\sgemv.c">
      <Filter>Source Files</Filter>
    </ClCompile>
    <ClCompile Include="..\third_party\CBLAS\sger.c">
      <Filter>Source Files</Filter>
    </ClCompile>
    <ClCompile Include="..\third_party\CBLAS\snrm2.c">
      <Filter>Source Files</Filter>
    </ClCompile>
    <ClCompile Include="..\third_party\CBLAS\srot.c">
      <Filter>Source Files</Filter>
    </ClCompile>
    <ClCompile Include="..\third_party\CBLAS\sscal.c">
      <Filter>Source Files</Filter>
    </ClCompile>
    <ClCompile Include="..\third_party\CBLAS\ssymv.c">
      <Filter>Source Files</Filter>
    </ClCompile>
    <ClCompile Include="..\third_party\CBLAS\ssyr2.c">
      <Filter>Source Files</Filter>
    </ClCompile>
    <ClCompile Include="..\third_party\CBLAS\strsv.c">
      <Filter>Source Files</Filter>
    </ClCompile>
    <ClCompile Include="..\third_party\CBLAS\zaxpy.c">
      <Filter>Source Files</Filter>
    </ClCompile>
    <ClCompile Include="..\third_party\CBLAS\zcopy.c">
      <Filter>Source Files</Filter>
    </ClCompile>
    <ClCompile Include="..\third_party\CBLAS\zdotc.c">
      <Filter>Source Files</Filter>
    </ClCompile>
    <ClCompile Include="..\third_party\CBLAS\zgemv.c">
      <Filter>Source Files</Filter>
    </ClCompile>
    <ClCompile Include="..\third_party\CBLAS\zgerc.c">
      <Filter>Source Files</Filter>
    </ClCompile>
    <ClCompile Include="..\third_party\CBLAS\zhemv.c">
      <Filter>Source Files</Filter>
    </ClCompile>
    <ClCompile Include="..\third_party\CBLAS\zher2.c">
      <Filter>Source Files</Filter>
    </ClCompile>
    <ClCompile Include="..\third_party\CBLAS\zscal.c">
      <Filter>Source Files</Filter>
    </ClCompile>
    <ClCompile Include="..\third_party\CBLAS\ztrsv.c">
      <Filter>Source Files</Filter>
    </ClCompile>
  </ItemGroup>
  <ItemGroup>
    <ClInclude Include="..\third_party\CBLAS\f2c.h">
      <Filter>Header Files</Filter>
    </ClInclude>
    <ClInclude Include="..\third_party\CBLAS\slu_Cnames.h">
      <Filter>Header Files</Filter>
    </ClInclude>
    <ClInclude Include="..\third_party\CBLAS\superlu_f2c.h">
      <Filter>Header Files</Filter>
    </ClInclude>
  </ItemGroup>
</Project>