<?xml version="1.0" encoding="utf-8"?>
<Project ToolsVersion="4.0" xmlns="http://schemas.microsoft.com/developer/msbuild/2003">
  <ItemGroup>
    <Filter Include="Source Files">
      <UniqueIdentifier>{4FC737F1-C7A5-4376-A066-2A32D752A2FF}</UniqueIdentifier>
      <Extensions>cpp;c;cc;cxx;def;odl;idl;hpj;bat;asm;asmx</Extensions>
    </Filter>
    <Filter Include="Header Files">
      <UniqueIdentifier>{93995380-89BD-4b04-88EB-625FBE52EBFB}</UniqueIdentifier>
      <Extensions>h;hpp;hxx;hm;inl;inc;xsd</Extensions>
    </Filter>
    <Filter Include="Test Files">
      <UniqueIdentifier>{94008d9d-7ac7-4a64-a9b9-8d6c84cf674f}</UniqueIdentifier>
      <Extensions>glm;csv</Extensions>
    </Filter>
  </ItemGroup>
  <ItemGroup>
    <ClCompile Include="..\commercial\hvac.cpp">
      <Filter>Source Files</Filter>
    </ClCompile>
    <ClCompile Include="..\commercial\init.cpp">
      <Filter>Source Files</Filter>
    </ClCompile>
    <ClCompile Include="..\commercial\main.cpp">
      <Filter>Source Files</Filter>
    </ClCompile>
    <ClCompile Include="..\commercial\multizone.cpp">
      <Filter>Source Files</Filter>
    </ClCompile>
    <ClCompile Include="..\commercial\office.cpp">
      <Filter>Source Files</Filter>
    </ClCompile>
    <ClCompile Include="..\commercial\solvers.cpp">
      <Filter>Source Files</Filter>
    </ClCompile>
  </ItemGroup>
  <ItemGroup>
    <ClInclude Include="..\commercial\hvac.h">
      <Filter>Header Files</Filter>
    </ClInclude>
    <ClInclude Include="..\commercial\multizone.h">
      <Filter>Header Files</Filter>
    </ClInclude>
    <ClInclude Include="..\commercial\office.h">
      <Filter>Header Files</Filter>
    </ClInclude>
    <ClInclude Include="..\commercial\solvers.h">
      <Filter>Header Files</Filter>
    </ClInclude>
  </ItemGroup>
  <ItemGroup>
    <None Include="..\commercial\test\test-commercial-1_0.glm">
      <Filter>Test Files</Filter>
    </None>
  </ItemGroup>
</Project>