<?xml version="1.0" encoding="utf-8"?>
<Project ToolsVersion="4.0" xmlns="http://schemas.microsoft.com/developer/msbuild/2003">
  <ItemGroup>
    <Filter Include="Source Files">
      <UniqueIdentifier>{4FC737F1-C7A5-4376-A066-2A32D752A2FF}</UniqueIdentifier>
      <Extensions>cpp;c;cc;cxx;def;odl;idl;hpj;bat;asm;asmx</Extensions>
    </Filter>
    <Filter Include="Header Files">
      <UniqueIdentifier>{93995380-89BD-4b04-88EB-625FBE52EBFB}</UniqueIdentifier>
      <Extensions>h;hpp;hxx;hm;inl;inc;xsd</Extensions>
    </Filter>
    <Filter Include="Test Files">
      <UniqueIdentifier>{3d46e794-ec90-4ecf-9bd5-bda7fa8e1e42}</UniqueIdentifier>
      <Extensions>glm;plc;xml</Extensions>
    </Filter>
    <Filter Include="Runtime Files">
      <UniqueIdentifier>{e3d6af4d-3946-4167-99ff-12bbba8d5bd4}</UniqueIdentifier>
    </Filter>
  </ItemGroup>
  <ItemGroup>
    <ClCompile Include="..\plc\comm.cpp">
      <Filter>Source Files</Filter>
    </ClCompile>
    <ClCompile Include="..\plc\init.cpp">
      <Filter>Source Files</Filter>
    </ClCompile>
    <ClCompile Include="..\plc\machine.cpp">
      <Filter>Source Files</Filter>
    </ClCompile>
    <ClCompile Include="..\plc\main.cpp">
      <Filter>Source Files</Filter>
    </ClCompile>
    <ClCompile Include="..\plc\plc.cpp">
      <Filter>Source Files</Filter>
    </ClCompile>
  </ItemGroup>
  <ItemGroup>
    <ClInclude Include="..\plc\comm.h">
      <Filter>Header Files</Filter>
    </ClInclude>
    <ClInclude Include="..\plc\machine.h">
      <Filter>Header Files</Filter>
    </ClInclude>
    <ClInclude Include="..\plc\plc.h">
      <Filter>Header Files</Filter>
    </ClInclude>
    <ClInclude Include="..\plc\rt\include\plc.h">
      <Filter>Runtime Files</Filter>
    </ClInclude>
  </ItemGroup>
  <ItemGroup>
    <None Include="..\plc\test\from.plc">
      <Filter>Test Files</Filter>
    </None>
    <None Include="..\plc\test\plc_test_1.glm">
      <Filter>Test Files</Filter>
    </None>
    <None Include="..\plc\test\to.plc">
      <Filter>Test Files</Filter>
    </None>
  </ItemGroup>
</Project>