<?xml version="1.0" encoding="utf-8"?>
<Project ToolsVersion="4.0" xmlns="http://schemas.microsoft.com/developer/msbuild/2003">
  <ItemGroup>
    <Filter Include="Source Files">
      <UniqueIdentifier>{4FC737F1-C7A5-4376-A066-2A32D752A2FF}</UniqueIdentifier>
      <Extensions>cpp;c;cc;cxx;def;odl;idl;hpj;bat;asm;asmx</Extensions>
    </Filter>
    <Filter Include="Header Files">
      <UniqueIdentifier>{93995380-89BD-4b04-88EB-625FBE52EBFB}</UniqueIdentifier>
      <Extensions>h;hpp;hxx;hm;inl;inc;xsd</Extensions>
    </Filter>
    <Filter Include="Test Files">
      <UniqueIdentifier>{2c1d0a1d-c9a1-487e-b7da-a2281a867c21}</UniqueIdentifier>
      <Extensions>glm</Extensions>
    </Filter>
  </ItemGroup>
  <ItemGroup>
    <ClCompile Include="..\powerflow\billdump.cpp">
      <Filter>Source Files</Filter>
    </ClCompile>
    <ClCompile Include="..\powerflow\capacitor.cpp">
      <Filter>Source Files</Filter>
    </ClCompile>
    <ClCompile Include="..\powerflow\currdump.cpp">
      <Filter>Source Files</Filter>
    </ClCompile>
    <ClCompile Include="..\powerflow\emissions.cpp">
      <Filter>Source Files</Filter>
    </ClCompile>
    <ClCompile Include="..\powerflow\fault_check.cpp">
      <Filter>Source Files</Filter>
    </ClCompile>
    <ClCompile Include="..\powerflow\frequency_gen.cpp">
      <Filter>Source Files</Filter>
    </ClCompile>
    <ClCompile Include="..\powerflow\fuse.cpp">
      <Filter>Source Files</Filter>
    </ClCompile>
    <ClCompile Include="..\powerflow\init.cpp">
      <Filter>Source Files</Filter>
    </ClCompile>
    <ClCompile Include="..\powerflow\line.cpp">
      <Filter>Source Files</Filter>
    </ClCompile>
    <ClCompile Include="..\powerflow\line_configuration.cpp">
      <Filter>Source Files</Filter>
    </ClCompile>
    <ClCompile Include="..\powerflow\line_spacing.cpp">
      <Filter>Source Files</Filter>
    </ClCompile>
    <ClCompile Include="..\powerflow\link.cpp">
      <Filter>Source Files</Filter>
    </ClCompile>
    <ClCompile Include="..\powerflow\load.cpp">
      <Filter>Source Files</Filter>
    </ClCompile>
    <ClCompile Include="..\powerflow\main.cpp">
      <Filter>Source Files</Filter>
    </ClCompile>
    <ClCompile Include="..\powerflow\meter.cpp">
      <Filter>Source Files</Filter>
    </ClCompile>
    <ClCompile Include="..\powerflow\motor.cpp">
      <Filter>Source Files</Filter>
    </ClCompile>
    <ClCompile Include="..\powerflow\node.cpp">
      <Filter>Source Files</Filter>
    </ClCompile>
    <ClCompile Include="..\powerflow\overhead_line.cpp">
      <Filter>Source Files</Filter>
    </ClCompile>
    <ClCompile Include="..\powerflow\overhead_line_conductor.cpp">
      <Filter>Source Files</Filter>
    </ClCompile>
    <ClCompile Include="..\powerflow\power_metrics.cpp">
      <Filter>Source Files</Filter>
    </ClCompile>
    <ClCompile Include="..\powerflow\powerflow.cpp">
      <Filter>Source Files</Filter>
    </ClCompile>
    <ClCompile Include="..\powerflow\powerflow_library.cpp">
      <Filter>Source Files</Filter>
    </ClCompile>
    <ClCompile Include="..\powerflow\powerflow_object.cpp">
      <Filter>Source Files</Filter>
    </ClCompile>
    <ClCompile Include="..\powerflow\pqload.cpp">
      <Filter>Source Files</Filter>
    </ClCompile>
    <ClCompile Include="..\powerflow\recloser.cpp">
      <Filter>Source Files</Filter>
    </ClCompile>
    <ClCompile Include="..\powerflow\regulator.cpp">
      <Filter>Source Files</Filter>
    </ClCompile>
    <ClCompile Include="..\powerflow\regulator_configuration.cpp">
      <Filter>Source Files</Filter>
    </ClCompile>
    <ClCompile Include="..\powerflow\relay.cpp">
      <Filter>Source Files</Filter>
    </ClCompile>
    <ClCompile Include="..\powerflow\restoration.cpp">
      <Filter>Source Files</Filter>
    </ClCompile>
    <ClCompile Include="..\powerflow\sectionalizer.cpp">
      <Filter>Source Files</Filter>
    </ClCompile>
    <ClCompile Include="..\powerflow\series_reactor.cpp">
      <Filter>Source Files</Filter>
    </ClCompile>
    <ClCompile Include="..\powerflow\solver_nr.cpp">
      <Filter>Source Files</Filter>
    </ClCompile>
    <ClCompile Include="..\powerflow\substation.cpp">
      <Filter>Source Files</Filter>
    </ClCompile>
    <ClCompile Include="..\powerflow\switch_object.cpp">
      <Filter>Source Files</Filter>
    </ClCompile>
    <ClCompile Include="..\powerflow\transformer.cpp">
      <Filter>Source Files</Filter>
    </ClCompile>
    <ClCompile Include="..\powerflow\transformer_configuration.cpp">
      <Filter>Source Files</Filter>
    </ClCompile>
    <ClCompile Include="..\powerflow\triplex_line.cpp">
      <Filter>Source Files</Filter>
    </ClCompile>
    <ClCompile Include="..\powerflow\triplex_line_conductor.cpp">
      <Filter>Source Files</Filter>
    </ClCompile>
    <ClCompile Include="..\powerflow\triplex_line_configuration.cpp">
      <Filter>Source Files</Filter>
    </ClCompile>
    <ClCompile Include="..\powerflow\triplex_meter.cpp">
      <Filter>Source Files</Filter>
    </ClCompile>
    <ClCompile Include="..\powerflow\triplex_node.cpp">
      <Filter>Source Files</Filter>
    </ClCompile>
    <ClCompile Include="..\powerflow\underground_line.cpp">
      <Filter>Source Files</Filter>
    </ClCompile>
    <ClCompile Include="..\powerflow\underground_line_conductor.cpp">
      <Filter>Source Files</Filter>
    </ClCompile>
    <ClCompile Include="..\powerflow\volt_var_control.cpp">
      <Filter>Source Files</Filter>
    </ClCompile>
    <ClCompile Include="..\powerflow\voltdump.cpp">
      <Filter>Source Files</Filter>
    </ClCompile>
  </ItemGroup>
  <ItemGroup>
    <ClInclude Include="..\powerflow\billdump.h">
      <Filter>Header Files</Filter>
    </ClInclude>
    <ClInclude Include="..\powerflow\capacitor.h">
      <Filter>Header Files</Filter>
    </ClInclude>
    <ClInclude Include="..\powerflow\check.h">
      <Filter>Header Files</Filter>
    </ClInclude>
    <ClInclude Include="..\powerflow\currdump.h">
      <Filter>Header Files</Filter>
    </ClInclude>
    <ClInclude Include="..\powerflow\emissions.h">
      <Filter>Header Files</Filter>
    </ClInclude>
    <ClInclude Include="..\powerflow\fault_check.h">
      <Filter>Header Files</Filter>
    </ClInclude>
    <ClInclude Include="..\powerflow\frequency_gen.h">
      <Filter>Header Files</Filter>
    </ClInclude>
    <ClInclude Include="..\powerflow\fuse.h">
      <Filter>Header Files</Filter>
    </ClInclude>
    <ClInclude Include="..\powerflow\line.h">
      <Filter>Header Files</Filter>
    </ClInclude>
    <ClInclude Include="..\powerflow\line_configuration.h">
      <Filter>Header Files</Filter>
    </ClInclude>
    <ClInclude Include="..\powerflow\line_spacing.h">
      <Filter>Header Files</Filter>
    </ClInclude>
    <ClInclude Include="..\powerflow\link.h">
      <Filter>Header Files</Filter>
    </ClInclude>
    <ClInclude Include="..\powerflow\load.h">
      <Filter>Header Files</Filter>
    </ClInclude>
    <ClInclude Include="..\powerflow\meter.h">
      <Filter>Header Files</Filter>
    </ClInclude>
    <ClInclude Include="..\powerflow\meter_test.h">
      <Filter>Header Files</Filter>
    </ClInclude>
    <ClInclude Include="..\powerflow\motor.h">
      <Filter>Header Files</Filter>
    </ClInclude>
    <ClInclude Include="..\powerflow\node.h">
      <Filter>Header Files</Filter>
    </ClInclude>
    <ClInclude Include="..\powerflow\overhead_line.h">
      <Filter>Header Files</Filter>
    </ClInclude>
    <ClInclude Include="..\powerflow\overhead_line_conductor.h">
      <Filter>Header Files</Filter>
    </ClInclude>
    <ClInclude Include="..\powerflow\overheadline_test.h">
      <Filter>Header Files</Filter>
    </ClInclude>
    <ClInclude Include="..\powerflow\power_metrics.h">
      <Filter>Header Files</Filter>
    </ClInclude>
    <ClInclude Include="..\powerflow\powerflow.h">
      <Filter>Header Files</Filter>
    </ClInclude>
    <ClInclude Include="..\powerflow\powerflow_library.h">
      <Filter>Header Files</Filter>
    </ClInclude>
    <ClInclude Include="..\powerflow\powerflow_object.h">
      <Filter>Header Files</Filter>
    </ClInclude>
    <ClInclude Include="..\powerflow\pqload.h">
      <Filter>Header Files</Filter>
    </ClInclude>
    <ClInclude Include="..\powerflow\recloser.h">
      <Filter>Header Files</Filter>
    </ClInclude>
    <ClInclude Include="..\powerflow\regulator.h">
      <Filter>Header Files</Filter>
    </ClInclude>
    <ClInclude Include="..\powerflow\regulator_configuration.h">
      <Filter>Header Files</Filter>
    </ClInclude>
    <ClInclude Include="..\powerflow\regulator_test.h">
      <Filter>Header Files</Filter>
    </ClInclude>
    <ClInclude Include="..\powerflow\relay.h">
      <Filter>Header Files</Filter>
    </ClInclude>
    <ClInclude Include="..\powerflow\relay_test.h">
      <Filter>Header Files</Filter>
    </ClInclude>
    <ClInclude Include="..\powerflow\restoration.h">
      <Filter>Header Files</Filter>
    </ClInclude>
    <ClInclude Include="..\powerflow\sectionalizer.h">
      <Filter>Header Files</Filter>
    </ClInclude>
    <ClInclude Include="..\powerflow\series_reactor.h">
      <Filter>Header Files</Filter>
    </ClInclude>
    <ClInclude Include="..\powerflow\solver_nr.h">
      <Filter>Header Files</Filter>
    </ClInclude>
    <ClInclude Include="..\powerflow\substation.h">
      <Filter>Header Files</Filter>
    </ClInclude>
    <ClInclude Include="..\powerflow\switch_object.h">
      <Filter>Header Files</Filter>
    </ClInclude>
    <ClInclude Include="..\powerflow\transformer.h">
      <Filter>Header Files</Filter>
    </ClInclude>
    <ClInclude Include="..\powerflow\transformer_configuration.h">
      <Filter>Header Files</Filter>
    </ClInclude>
    <ClInclude Include="..\powerflow\transformer_test.h">
      <Filter>Header Files</Filter>
    </ClInclude>
    <ClInclude Include="..\powerflow\triplex_line.h">
      <Filter>Header Files</Filter>
    </ClInclude>
    <ClInclude Include="..\powerflow\triplex_line_conductor.h">
      <Filter>Header Files</Filter>
    </ClInclude>
    <ClInclude Include="..\powerflow\triplex_line_configuration.h">
      <Filter>Header Files</Filter>
    </ClInclude>
    <ClInclude Include="..\powerflow\triplex_meter.h">
      <Filter>Header Files</Filter>
    </ClInclude>
    <ClInclude Include="..\powerflow\triplex_node.h">
      <Filter>Header Files</Filter>
    </ClInclude>
    <ClInclude Include="..\powerflow\triplexline_test.h">
      <Filter>Header Files</Filter>
    </ClInclude>
    <ClInclude Include="..\powerflow\underground_line.h">
      <Filter>Header Files</Filter>
    </ClInclude>
    <ClInclude Include="..\powerflow\underground_line_conductor.h">
      <Filter>Header Files</Filter>
    </ClInclude>
    <ClInclude Include="..\powerflow\undergroundline_test.h">
      <Filter>Header Files</Filter>
    </ClInclude>
    <ClInclude Include="..\powerflow\volt_var_control.h">
      <Filter>Header Files</Filter>
    </ClInclude>
    <ClInclude Include="..\powerflow\voltdump.h">
      <Filter>Header Files</Filter>
    </ClInclude>
  </ItemGroup>
  <ItemGroup>
    <None Include="..\powerflow\tests\4node\balanced_stepdown_D-D.glm">
      <Filter>Test Files</Filter>
    </None>
    <None Include="..\powerflow\tests\4node\balanced_stepdown_D-grY.glm">
      <Filter>Test Files</Filter>
    </None>
    <None Include="..\powerflow\tests\4node\balanced_stepdown_grY-grY.glm">
      <Filter>Test Files</Filter>
    </None>
    <None Include="..\powerflow\tests\4node\balanced_stepup_D-D.glm">
      <Filter>Test Files</Filter>
    </None>
    <None Include="..\powerflow\tests\4node\balanced_stepup_D-grY.glm">
      <Filter>Test Files</Filter>
    </None>
    <None Include="..\powerflow\tests\4node\balanced_stepup_grY-grY.glm">
      <Filter>Test Files</Filter>
    </None>
    <None Include="..\powerflow\tests\37node\IEEE37-Dec17.glm">
      <Filter>Test Files</Filter>
    </None>
    <None Include="..\powerflow\test\test.glm">
      <Filter>Test Files</Filter>
    </None>
    <None Include="..\powerflow\tests\4node\unbalanced_stepdown_D-D.glm">
      <Filter>Test Files</Filter>
    </None>
    <None Include="..\powerflow\tests\4node\unbalanced_stepdown_D-grY.glm">
      <Filter>Test Files</Filter>
    </None>
    <None Include="..\powerflow\tests\4node\unbalanced_stepdown_grY-grY.glm">
      <Filter>Test Files</Filter>
    </None>
    <None Include="..\powerflow\tests\4node\unbalanced_stepup_D-D.glm">
      <Filter>Test Files</Filter>
    </None>
    <None Include="..\powerflow\tests\4node\unbalanced_stepup_D-grY.glm">
      <Filter>Test Files</Filter>
    </None>
    <None Include="..\powerflow\tests\4node\unbalanced_stepup_grY-grY.glm">
      <Filter>Test Files</Filter>
    </None>
  </ItemGroup>
</Project>